{
  "requires": true,
  "lockfileVersion": 1,
  "dependencies": {
    "sweetalert2": {
      "version": "11.0.15",
      "resolved": "https://registry.npmjs.org/sweetalert2/-/sweetalert2-11.0.15.tgz",
      "integrity": "sha512-CouOA1Zpc+9RSccgeE5lLqjEQBq/22V/l1RDGj8O5IDlMEuAkZ0XNuZHA3L3k0Tvxz2HMAGfS76t4GjnlempZQ=="
    }
  }
}
